
Microsoft Visual Studio Solution File, Format Version 12.00
# Visual Studio 15
VisualStudioVersion = 15.0.27703.2042
MinimumVisualStudioVersion = 10.0.40219.1
Project("{FAE04EC0-301F-11D3-BF4B-00C04F79EFBC}") = "SGREB", "SGREB\SGREB.csproj", "{1AB7E9FB-039D-4466-B089-2D57D6FC66B9}"
EndProject
Global
	GlobalSection(SolutionConfigurationPlatforms) = preSolution
		Debug|Any CPU = Debug|Any CPU
		Release|Any CPU = Release|Any CPU
	EndGlobalSection
	GlobalSection(ProjectConfigurationPlatforms) = postSolution
		{1AB7E9FB-039D-4466-B089-2D57D6FC66B9}.Debug|Any CPU.ActiveCfg = Debug|Any CPU
		{1AB7E9FB-039D-4466-B089-2D57D6FC66B9}.Debug|Any CPU.Build.0 = Debug|Any CPU
		{1AB7E9FB-039D-4466-B089-2D57D6FC66B9}.Release|Any CPU.ActiveCfg = Release|Any CPU
		{1AB7E9FB-039D-4466-B089-2D57D6FC66B9}.Release|Any CPU.Build.0 = Release|Any CPU
	EndGlobalSection
	GlobalSection(SolutionProperties) = preSolution
		HideSolutionNode = FALSE
	EndGlobalSection
	GlobalSection(ExtensibilityGlobals) = postSolution
		SolutionGuid = {CFD8A1B0-6215-4CED-9491-3D634FB57E58}
	EndGlobalSection
EndGlobal
